
Microsoft Visual Studio Solution File, Format Version 12.00
# Visual Studio Version 16
VisualStudioVersion = 16.0.32929.386
MinimumVisualStudioVersion = 10.0.40219.1
Project("{FAE04EC0-301F-11D3-BF4B-00C04F79EFBC}") = "CvSitesi_MuratYucedag", "CvSitesi_MuratYucedag\CvSitesi_MuratYucedag.csproj", "{A37B4515-65CD-42E5-B51F-25C13EA747AF}"
EndProject
Global
	GlobalSection(SolutionConfigurationPlatforms) = preSolution
		Debug|Any CPU = Debug|Any CPU
		Release|Any CPU = Release|Any CPU
	EndGlobalSection
	GlobalSection(ProjectConfigurationPlatforms) = postSolution
		{A37B4515-65CD-42E5-B51F-25C13EA747AF}.Debug|Any CPU.ActiveCfg = Debug|Any CPU
		{A37B4515-65CD-42E5-B51F-25C13EA747AF}.Debug|Any CPU.Build.0 = Debug|Any CPU
		{A37B4515-65CD-42E5-B51F-25C13EA747AF}.Release|Any CPU.ActiveCfg = Release|Any CPU
		{A37B4515-65CD-42E5-B51F-25C13EA747AF}.Release|Any CPU.Build.0 = Release|Any CPU
	EndGlobalSection
	GlobalSection(SolutionProperties) = preSolution
		HideSolutionNode = FALSE
	EndGlobalSection
	GlobalSection(ExtensibilityGlobals) = postSolution
		SolutionGuid = {DAED38B2-E841-46D2-8FAB-10951C35140F}
	EndGlobalSection
EndGlobal
